
Microsoft Visual Studio Solution File, Format Version 12.00
# Visual Studio Version 17
VisualStudioVersion = 17.4.33103.184
MinimumVisualStudioVersion = 10.0.40219.1
Project("{FAE04EC0-301F-11D3-BF4B-00C04F79EFBC}") = "MAPExamen", "MAPExamen.csproj", "{C041CBE1-824F-40E1-A8F6-CCD28D1E2C9C}"
EndProject
Global
	GlobalSection(SolutionConfigurationPlatforms) = preSolution
		Debug|Any CPU = Debug|Any CPU
		Release|Any CPU = Release|Any CPU
	EndGlobalSection
	GlobalSection(ProjectConfigurationPlatforms) = postSolution
		{C041CBE1-824F-40E1-A8F6-CCD28D1E2C9C}.Debug|Any CPU.ActiveCfg = Debug|Any CPU
		{C041CBE1-824F-40E1-A8F6-CCD28D1E2C9C}.Debug|Any CPU.Build.0 = Debug|Any CPU
		{C041CBE1-824F-40E1-A8F6-CCD28D1E2C9C}.Release|Any CPU.ActiveCfg = Release|Any CPU
		{C041CBE1-824F-40E1-A8F6-CCD28D1E2C9C}.Release|Any CPU.Build.0 = Release|Any CPU
	EndGlobalSection
	GlobalSection(SolutionProperties) = preSolution
		HideSolutionNode = FALSE
	EndGlobalSection
	GlobalSection(ExtensibilityGlobals) = postSolution
		SolutionGuid = {904AE5C6-A831-4D7D-AF0F-EBA2F4DC08D8}
	EndGlobalSection
EndGlobal
